
Microsoft Visual Studio Solution File, Format Version 10.00
# Visual Studio 2008
Project("{8BC9CEB8-8B4A-11D0-8D11-00A0C91BC942}") = "TORCS", "TORCS.vcproj", "{8D944D60-3543-4444-84E4-260BA6FAA2C7}"
	ProjectSection(ProjectDependencies) = postProject
		{1C6A1700-1242-4B39-92C2-B6F352D5A760} = {1C6A1700-1242-4B39-92C2-B6F352D5A760}
		{000F3A08-7079-4480-93E3-DC3BACC72017} = {000F3A08-7079-4480-93E3-DC3BACC72017}
		{53823F0C-D5B2-4E10-8AC8-1A3CF484A496} = {53823F0C-D5B2-4E10-8AC8-1A3CF484A496}
		{781B5B1E-48E0-4C0E-8A4A-5466BFC9637C} = {781B5B1E-48E0-4C0E-8A4A-5466BFC9637C}
		{99B5A947-A0E0-48D1-879D-3E533D48E7C5} = {99B5A947-A0E0-48D1-879D-3E533D48E7C5}
		{ACB16B61-2F7D-4E87-AD15-C95F16431137} = {ACB16B61-2F7D-4E87-AD15-C95F16431137}
		{EACC0870-5315-41F9-AE61-B93C77334EAE} = {EACC0870-5315-41F9-AE61-B93C77334EAE}
		{13ABA378-0B47-428F-9EB7-03704921F3A0} = {13ABA378-0B47-428F-9EB7-03704921F3A0}
		{4F4D3684-EE40-41A9-AC48-C98687A359A4} = {4F4D3684-EE40-41A9-AC48-C98687A359A4}
		{31CA578B-13CA-4640-8D1A-95ED57C026A2} = {31CA578B-13CA-4640-8D1A-95ED57C026A2}
		{FCF8B58F-AB94-45F4-9105-A019396AD31C} = {FCF8B58F-AB94-45F4-9105-A019396AD31C}
		{BA149E98-DBE0-441C-A318-4958A816BF7A} = {BA149E98-DBE0-441C-A318-4958A816BF7A}
		{B207EB9E-56BC-4A80-9343-F08EA9C30951} = {B207EB9E-56BC-4A80-9343-F08EA9C30951}
		{87C850AD-E339-4687-83DA-2F76AA0CD5DB} = {87C850AD-E339-4687-83DA-2F76AA0CD5DB}
		{2921ADAD-22D9-4A22-99AB-D34D5B9D4169} = {2921ADAD-22D9-4A22-99AB-D34D5B9D4169}
		{A0513CBB-8FE9-44F7-BBF3-7814EFB5132C} = {A0513CBB-8FE9-44F7-BBF3-7814EFB5132C}
		{85D049C2-BEDD-4D57-8C44-0F40D0061A52} = {85D049C2-BEDD-4D57-8C44-0F40D0061A52}
		{61EB09C8-4D12-45F9-9E5E-9BE0EFB71DE0} = {61EB09C8-4D12-45F9-9E5E-9BE0EFB71DE0}
		{C8FBAED7-9766-4A8C-8CD6-5F3E33548AA2} = {C8FBAED7-9766-4A8C-8CD6-5F3E33548AA2}
		{0C4288E1-99D2-4134-A416-98B9E6869478} = {0C4288E1-99D2-4134-A416-98B9E6869478}
		{CC3B1BE2-1345-4071-BC3B-4C10ED1B1186} = {CC3B1BE2-1345-4071-BC3B-4C10ED1B1186}
		{1917D9E5-248C-4FA6-A280-E245C1F14EEE} = {1917D9E5-248C-4FA6-A280-E245C1F14EEE}
		{D6A072EA-352A-4B30-8394-7D34BA1A4F81} = {D6A072EA-352A-4B30-8394-7D34BA1A4F81}
		{F5E909F2-FCEC-4CEE-B80C-3C8ED2DC957C} = {F5E909F2-FCEC-4CEE-B80C-3C8ED2DC957C}
		{BEF1B5F5-7B90-40F6-A96C-34D1E0C0A79D} = {BEF1B5F5-7B90-40F6-A96C-34D1E0C0A79D}
	EndProjectSection
EndProject
Project("{8BC9CEB8-8B4A-11D0-8D11-00A0C91BC942}") = "accc", "src\tools\accc\accc.vcproj", "{B207EB9E-56BC-4A80-9343-F08EA9C30951}"
EndProject
Project("{8BC9CEB8-8B4A-11D0-8D11-00A0C91BC942}") = "berniw", "src\drivers\berniw\berniw.vcproj", "{781B5B1E-48E0-4C0E-8A4A-5466BFC9637C}"
	ProjectSection(ProjectDependencies) = postProject
		{ACB16B61-2F7D-4E87-AD15-C95F16431137} = {ACB16B61-2F7D-4E87-AD15-C95F16431137}
		{EACC0870-5315-41F9-AE61-B93C77334EAE} = {EACC0870-5315-41F9-AE61-B93C77334EAE}
	EndProjectSection
EndProject
Project("{8BC9CEB8-8B4A-11D0-8D11-00A0C91BC942}") = "berniw2", "src\drivers\berniw2\berniw2.vcproj", "{53823F0C-D5B2-4E10-8AC8-1A3CF484A496}"
	ProjectSection(ProjectDependencies) = postProject
		{ACB16B61-2F7D-4E87-AD15-C95F16431137} = {ACB16B61-2F7D-4E87-AD15-C95F16431137}
		{EACC0870-5315-41F9-AE61-B93C77334EAE} = {EACC0870-5315-41F9-AE61-B93C77334EAE}
	EndProjectSection
EndProject
Project("{8BC9CEB8-8B4A-11D0-8D11-00A0C91BC942}") = "berniw3", "src\drivers\berniw3\berniw3.vcproj", "{99B5A947-A0E0-48D1-879D-3E533D48E7C5}"
	ProjectSection(ProjectDependencies) = postProject
		{ACB16B61-2F7D-4E87-AD15-C95F16431137} = {ACB16B61-2F7D-4E87-AD15-C95F16431137}
		{EACC0870-5315-41F9-AE61-B93C77334EAE} = {EACC0870-5315-41F9-AE61-B93C77334EAE}
	EndProjectSection
EndProject
Project("{8BC9CEB8-8B4A-11D0-8D11-00A0C91BC942}") = "bt", "src\drivers\bt\bt.vcproj", "{A0513CBB-8FE9-44F7-BBF3-7814EFB5132C}"
	ProjectSection(ProjectDependencies) = postProject
		{ACB16B61-2F7D-4E87-AD15-C95F16431137} = {ACB16B61-2F7D-4E87-AD15-C95F16431137}
		{EACC0870-5315-41F9-AE61-B93C77334EAE} = {EACC0870-5315-41F9-AE61-B93C77334EAE}
	EndProjectSection
EndProject
Project("{8BC9CEB8-8B4A-11D0-8D11-00A0C91BC942}") = "client", "src\libs\client\client.vcproj", "{000F3A08-7079-4480-93E3-DC3BACC72017}"
	ProjectSection(ProjectDependencies) = postProject
		{ACB16B61-2F7D-4E87-AD15-C95F16431137} = {ACB16B61-2F7D-4E87-AD15-C95F16431137}
		{EACC0870-5315-41F9-AE61-B93C77334EAE} = {EACC0870-5315-41F9-AE61-B93C77334EAE}
		{87C850AD-E339-4687-83DA-2F76AA0CD5DB} = {87C850AD-E339-4687-83DA-2F76AA0CD5DB}
	EndProjectSection
EndProject
Project("{8BC9CEB8-8B4A-11D0-8D11-00A0C91BC942}") = "damned", "src\drivers\damned\damned.vcproj", "{85D049C2-BEDD-4D57-8C44-0F40D0061A52}"
	ProjectSection(ProjectDependencies) = postProject
		{ACB16B61-2F7D-4E87-AD15-C95F16431137} = {ACB16B61-2F7D-4E87-AD15-C95F16431137}
		{EACC0870-5315-41F9-AE61-B93C77334EAE} = {EACC0870-5315-41F9-AE61-B93C77334EAE}
	EndProjectSection
EndProject
Project("{8BC9CEB8-8B4A-11D0-8D11-00A0C91BC942}") = "human", "src\drivers\human\human.vcproj", "{13ABA378-0B47-428F-9EB7-03704921F3A0}"
	ProjectSection(ProjectDependencies) = postProject
		{000F3A08-7079-4480-93E3-DC3BACC72017} = {000F3A08-7079-4480-93E3-DC3BACC72017}
		{ACB16B61-2F7D-4E87-AD15-C95F16431137} = {ACB16B61-2F7D-4E87-AD15-C95F16431137}
		{EACC0870-5315-41F9-AE61-B93C77334EAE} = {EACC0870-5315-41F9-AE61-B93C77334EAE}
	EndProjectSection
EndProject
Project("{8BC9CEB8-8B4A-11D0-8D11-00A0C91BC942}") = "inferno", "src\drivers\inferno\inferno.vcproj", "{BA149E98-DBE0-441C-A318-4958A816BF7A}"
	ProjectSection(ProjectDependencies) = postProject
		{ACB16B61-2F7D-4E87-AD15-C95F16431137} = {ACB16B61-2F7D-4E87-AD15-C95F16431137}
		{EACC0870-5315-41F9-AE61-B93C77334EAE} = {EACC0870-5315-41F9-AE61-B93C77334EAE}
	EndProjectSection
EndProject
Project("{8BC9CEB8-8B4A-11D0-8D11-00A0C91BC942}") = "inferno2", "src\drivers\inferno2\inferno2.vcproj", "{F5E909F2-FCEC-4CEE-B80C-3C8ED2DC957C}"
	ProjectSection(ProjectDependencies) = postProject
		{ACB16B61-2F7D-4E87-AD15-C95F16431137} = {ACB16B61-2F7D-4E87-AD15-C95F16431137}
		{EACC0870-5315-41F9-AE61-B93C77334EAE} = {EACC0870-5315-41F9-AE61-B93C77334EAE}
	EndProjectSection
EndProject
Project("{8BC9CEB8-8B4A-11D0-8D11-00A0C91BC942}") = "learning", "SRC\LIBS\learning\learning.vcproj", "{4F4D3684-EE40-41A9-AC48-C98687A359A4}"
	ProjectSection(ProjectDependencies) = postProject
		{ACB16B61-2F7D-4E87-AD15-C95F16431137} = {ACB16B61-2F7D-4E87-AD15-C95F16431137}
	EndProjectSection
EndProject
Project("{8BC9CEB8-8B4A-11D0-8D11-00A0C91BC942}") = "lliaw", "src\drivers\lliaw\lliaw.vcproj", "{2921ADAD-22D9-4A22-99AB-D34D5B9D4169}"
	ProjectSection(ProjectDependencies) = postProject
		{ACB16B61-2F7D-4E87-AD15-C95F16431137} = {ACB16B61-2F7D-4E87-AD15-C95F16431137}
		{EACC0870-5315-41F9-AE61-B93C77334EAE} = {EACC0870-5315-41F9-AE61-B93C77334EAE}
	EndProjectSection
EndProject
Project("{8BC9CEB8-8B4A-11D0-8D11-00A0C91BC942}") = "nfs2ac", "src\tools\nfs2ac\nfs2ac.vcproj", "{61EB09C8-4D12-45F9-9E5E-9BE0EFB71DE0}"
EndProject
Project("{8BC9CEB8-8B4A-11D0-8D11-00A0C91BC942}") = "nfsperf", "SRC\TOOLS\NFSPERF\nfsperf.vcproj", "{CC3B1BE2-1345-4071-BC3B-4C10ED1B1186}"
	ProjectSection(ProjectDependencies) = postProject
		{ACB16B61-2F7D-4E87-AD15-C95F16431137} = {ACB16B61-2F7D-4E87-AD15-C95F16431137}
	EndProjectSection
EndProject
Project("{8BC9CEB8-8B4A-11D0-8D11-00A0C91BC942}") = "olethros", "SRC\DRIVERS\olethros\olethros.vcproj", "{FCF8B58F-AB94-45F4-9105-A019396AD31C}"
	ProjectSection(ProjectDependencies) = postProject
		{ACB16B61-2F7D-4E87-AD15-C95F16431137} = {ACB16B61-2F7D-4E87-AD15-C95F16431137}
		{EACC0870-5315-41F9-AE61-B93C77334EAE} = {EACC0870-5315-41F9-AE61-B93C77334EAE}
		{4F4D3684-EE40-41A9-AC48-C98687A359A4} = {4F4D3684-EE40-41A9-AC48-C98687A359A4}
	EndProjectSection
EndProject
Project("{8BC9CEB8-8B4A-11D0-8D11-00A0C91BC942}") = "robottools", "src\libs\robottools\robottools.vcproj", "{EACC0870-5315-41F9-AE61-B93C77334EAE}"
	ProjectSection(ProjectDependencies) = postProject
		{ACB16B61-2F7D-4E87-AD15-C95F16431137} = {ACB16B61-2F7D-4E87-AD15-C95F16431137}
	EndProjectSection
EndProject
Project("{8BC9CEB8-8B4A-11D0-8D11-00A0C91BC942}") = "simuv2", "src\modules\simu\simuv2\simuv2.vcproj", "{1917D9E5-248C-4FA6-A280-E245C1F14EEE}"
	ProjectSection(ProjectDependencies) = postProject
		{ACB16B61-2F7D-4E87-AD15-C95F16431137} = {ACB16B61-2F7D-4E87-AD15-C95F16431137}
		{EACC0870-5315-41F9-AE61-B93C77334EAE} = {EACC0870-5315-41F9-AE61-B93C77334EAE}
		{0C4288E1-99D2-4134-A416-98B9E6869478} = {0C4288E1-99D2-4134-A416-98B9E6869478}
	EndProjectSection
EndProject
Project("{8BC9CEB8-8B4A-11D0-8D11-00A0C91BC942}") = "solid", "src\modules\simu\simuv2\SOLID-2.0\solid.vcproj", "{0C4288E1-99D2-4134-A416-98B9E6869478}"
EndProject
Project("{8BC9CEB8-8B4A-11D0-8D11-00A0C91BC942}") = "ssggraphlib", "src\modules\graphic\ssggraph\ssggraphlib.vcproj", "{87C850AD-E339-4687-83DA-2F76AA0CD5DB}"
EndProject
Project("{8BC9CEB8-8B4A-11D0-8D11-00A0C91BC942}") = "tgf", "src\libs\tgf\tgf.vcproj", "{ACB16B61-2F7D-4E87-AD15-C95F16431137}"
	ProjectSection(ProjectDependencies) = postProject
		{BEF1B5F5-7B90-40F6-A96C-34D1E0C0A79D} = {BEF1B5F5-7B90-40F6-A96C-34D1E0C0A79D}
	EndProjectSection
EndProject
Project("{8BC9CEB8-8B4A-11D0-8D11-00A0C91BC942}") = "tita", "src\drivers\tita\tita.vcproj", "{D6A072EA-352A-4B30-8394-7D34BA1A4F81}"
	ProjectSection(ProjectDependencies) = postProject
		{ACB16B61-2F7D-4E87-AD15-C95F16431137} = {ACB16B61-2F7D-4E87-AD15-C95F16431137}
		{EACC0870-5315-41F9-AE61-B93C77334EAE} = {EACC0870-5315-41F9-AE61-B93C77334EAE}
	EndProjectSection
EndProject
Project("{8BC9CEB8-8B4A-11D0-8D11-00A0C91BC942}") = "track", "src\modules\track\track.vcproj", "{C8FBAED7-9766-4A8C-8CD6-5F3E33548AA2}"
	ProjectSection(ProjectDependencies) = postProject
		{ACB16B61-2F7D-4E87-AD15-C95F16431137} = {ACB16B61-2F7D-4E87-AD15-C95F16431137}
		{EACC0870-5315-41F9-AE61-B93C77334EAE} = {EACC0870-5315-41F9-AE61-B93C77334EAE}
	EndProjectSection
EndProject
Project("{8BC9CEB8-8B4A-11D0-8D11-00A0C91BC942}") = "trackgen", "src\tools\trackgen\trackgen.vcproj", "{1C6A1700-1242-4B39-92C2-B6F352D5A760}"
	ProjectSection(ProjectDependencies) = postProject
		{000F3A08-7079-4480-93E3-DC3BACC72017} = {000F3A08-7079-4480-93E3-DC3BACC72017}
	EndProjectSection
EndProject
Project("{8BC9CEB8-8B4A-11D0-8D11-00A0C91BC942}") = "txml", "src\libs\txml\txml.vcproj", "{BEF1B5F5-7B90-40F6-A96C-34D1E0C0A79D}"
EndProject
Project("{8BC9CEB8-8B4A-11D0-8D11-00A0C91BC942}") = "wtorcs", "src\windows\wtorcs.vcproj", "{31CA578B-13CA-4640-8D1A-95ED57C026A2}"
	ProjectSection(ProjectDependencies) = postProject
		{000F3A08-7079-4480-93E3-DC3BACC72017} = {000F3A08-7079-4480-93E3-DC3BACC72017}
		{ACB16B61-2F7D-4E87-AD15-C95F16431137} = {ACB16B61-2F7D-4E87-AD15-C95F16431137}
		{BEF1B5F5-7B90-40F6-A96C-34D1E0C0A79D} = {BEF1B5F5-7B90-40F6-A96C-34D1E0C0A79D}
	EndProjectSection
EndProject
Global
	GlobalSection(SolutionConfigurationPlatforms) = preSolution
		Debug|Win32 = Debug|Win32
		Release|Win32 = Release|Win32
	EndGlobalSection
	GlobalSection(ProjectConfigurationPlatforms) = postSolution
		{8D944D60-3543-4444-84E4-260BA6FAA2C7}.Debug|Win32.ActiveCfg = Debug|Win32
		{8D944D60-3543-4444-84E4-260BA6FAA2C7}.Debug|Win32.Build.0 = Debug|Win32
		{8D944D60-3543-4444-84E4-260BA6FAA2C7}.Release|Win32.ActiveCfg = Release|Win32
		{8D944D60-3543-4444-84E4-260BA6FAA2C7}.Release|Win32.Build.0 = Release|Win32
		{B207EB9E-56BC-4A80-9343-F08EA9C30951}.Debug|Win32.ActiveCfg = Debug|Win32
		{B207EB9E-56BC-4A80-9343-F08EA9C30951}.Debug|Win32.Build.0 = Debug|Win32
		{B207EB9E-56BC-4A80-9343-F08EA9C30951}.Release|Win32.ActiveCfg = Release|Win32
		{B207EB9E-56BC-4A80-9343-F08EA9C30951}.Release|Win32.Build.0 = Release|Win32
		{781B5B1E-48E0-4C0E-8A4A-5466BFC9637C}.Debug|Win32.ActiveCfg = Debug|Win32
		{781B5B1E-48E0-4C0E-8A4A-5466BFC9637C}.Debug|Win32.Build.0 = Debug|Win32
		{781B5B1E-48E0-4C0E-8A4A-5466BFC9637C}.Release|Win32.ActiveCfg = Release|Win32
		{781B5B1E-48E0-4C0E-8A4A-5466BFC9637C}.Release|Win32.Build.0 = Release|Win32
		{53823F0C-D5B2-4E10-8AC8-1A3CF484A496}.Debug|Win32.ActiveCfg = Debug|Win32
		{53823F0C-D5B2-4E10-8AC8-1A3CF484A496}.Debug|Win32.Build.0 = Debug|Win32
		{53823F0C-D5B2-4E10-8AC8-1A3CF484A496}.Release|Win32.ActiveCfg = Release|Win32
		{53823F0C-D5B2-4E10-8AC8-1A3CF484A496}.Release|Win32.Build.0 = Release|Win32
		{99B5A947-A0E0-48D1-879D-3E533D48E7C5}.Debug|Win32.ActiveCfg = Debug|Win32
		{99B5A947-A0E0-48D1-879D-3E533D48E7C5}.Debug|Win32.Build.0 = Debug|Win32
		{99B5A947-A0E0-48D1-879D-3E533D48E7C5}.Release|Win32.ActiveCfg = Release|Win32
		{99B5A947-A0E0-48D1-879D-3E533D48E7C5}.Release|Win32.Build.0 = Release|Win32
		{A0513CBB-8FE9-44F7-BBF3-7814EFB5132C}.Debug|Win32.ActiveCfg = Debug|Win32
		{A0513CBB-8FE9-44F7-BBF3-7814EFB5132C}.Debug|Win32.Build.0 = Debug|Win32
		{A0513CBB-8FE9-44F7-BBF3-7814EFB5132C}.Release|Win32.ActiveCfg = Release|Win32
		{A0513CBB-8FE9-44F7-BBF3-7814EFB5132C}.Release|Win32.Build.0 = Release|Win32
		{000F3A08-7079-4480-93E3-DC3BACC72017}.Debug|Win32.ActiveCfg = Debug|Win32
		{000F3A08-7079-4480-93E3-DC3BACC72017}.Debug|Win32.Build.0 = Debug|Win32
		{000F3A08-7079-4480-93E3-DC3BACC72017}.Release|Win32.ActiveCfg = Release|Win32
		{000F3A08-7079-4480-93E3-DC3BACC72017}.Release|Win32.Build.0 = Release|Win32
		{85D049C2-BEDD-4D57-8C44-0F40D0061A52}.Debug|Win32.ActiveCfg = Debug|Win32
		{85D049C2-BEDD-4D57-8C44-0F40D0061A52}.Debug|Win32.Build.0 = Debug|Win32
		{85D049C2-BEDD-4D57-8C44-0F40D0061A52}.Release|Win32.ActiveCfg = Release|Win32
		{85D049C2-BEDD-4D57-8C44-0F40D0061A52}.Release|Win32.Build.0 = Release|Win32
		{13ABA378-0B47-428F-9EB7-03704921F3A0}.Debug|Win32.ActiveCfg = Debug|Win32
		{13ABA378-0B47-428F-9EB7-03704921F3A0}.Debug|Win32.Build.0 = Debug|Win32
		{13ABA378-0B47-428F-9EB7-03704921F3A0}.Release|Win32.ActiveCfg = Release|Win32
		{13ABA378-0B47-428F-9EB7-03704921F3A0}.Release|Win32.Build.0 = Release|Win32
		{BA149E98-DBE0-441C-A318-4958A816BF7A}.Debug|Win32.ActiveCfg = Debug|Win32
		{BA149E98-DBE0-441C-A318-4958A816BF7A}.Debug|Win32.Build.0 = Debug|Win32
		{BA149E98-DBE0-441C-A318-4958A816BF7A}.Release|Win32.ActiveCfg = Release|Win32
		{BA149E98-DBE0-441C-A318-4958A816BF7A}.Release|Win32.Build.0 = Release|Win32
		{F5E909F2-FCEC-4CEE-B80C-3C8ED2DC957C}.Debug|Win32.ActiveCfg = Debug|Win32
		{F5E909F2-FCEC-4CEE-B80C-3C8ED2DC957C}.Debug|Win32.Build.0 = Debug|Win32
		{F5E909F2-FCEC-4CEE-B80C-3C8ED2DC957C}.Release|Win32.ActiveCfg = Release|Win32
		{F5E909F2-FCEC-4CEE-B80C-3C8ED2DC957C}.Release|Win32.Build.0 = Release|Win32
		{4F4D3684-EE40-41A9-AC48-C98687A359A4}.Debug|Win32.ActiveCfg = Debug|Win32
		{4F4D3684-EE40-41A9-AC48-C98687A359A4}.Debug|Win32.Build.0 = Debug|Win32
		{4F4D3684-EE40-41A9-AC48-C98687A359A4}.Release|Win32.ActiveCfg = Release|Win32
		{4F4D3684-EE40-41A9-AC48-C98687A359A4}.Release|Win32.Build.0 = Release|Win32
		{2921ADAD-22D9-4A22-99AB-D34D5B9D4169}.Debug|Win32.ActiveCfg = Debug|Win32
		{2921ADAD-22D9-4A22-99AB-D34D5B9D4169}.Debug|Win32.Build.0 = Debug|Win32
		{2921ADAD-22D9-4A22-99AB-D34D5B9D4169}.Release|Win32.ActiveCfg = Release|Win32
		{2921ADAD-22D9-4A22-99AB-D34D5B9D4169}.Release|Win32.Build.0 = Release|Win32
		{61EB09C8-4D12-45F9-9E5E-9BE0EFB71DE0}.Debug|Win32.ActiveCfg = Debug|Win32
		{61EB09C8-4D12-45F9-9E5E-9BE0EFB71DE0}.Debug|Win32.Build.0 = Debug|Win32
		{61EB09C8-4D12-45F9-9E5E-9BE0EFB71DE0}.Release|Win32.ActiveCfg = Release|Win32
		{61EB09C8-4D12-45F9-9E5E-9BE0EFB71DE0}.Release|Win32.Build.0 = Release|Win32
		{CC3B1BE2-1345-4071-BC3B-4C10ED1B1186}.Debug|Win32.ActiveCfg = Debug|Win32
		{CC3B1BE2-1345-4071-BC3B-4C10ED1B1186}.Debug|Win32.Build.0 = Debug|Win32
		{CC3B1BE2-1345-4071-BC3B-4C10ED1B1186}.Release|Win32.ActiveCfg = Release|Win32
		{CC3B1BE2-1345-4071-BC3B-4C10ED1B1186}.Release|Win32.Build.0 = Release|Win32
		{FCF8B58F-AB94-45F4-9105-A019396AD31C}.Debug|Win32.ActiveCfg = Debug|Win32
		{FCF8B58F-AB94-45F4-9105-A019396AD31C}.Debug|Win32.Build.0 = Debug|Win32
		{FCF8B58F-AB94-45F4-9105-A019396AD31C}.Release|Win32.ActiveCfg = Release|Win32
		{FCF8B58F-AB94-45F4-9105-A019396AD31C}.Release|Win32.Build.0 = Release|Win32
		{EACC0870-5315-41F9-AE61-B93C77334EAE}.Debug|Win32.ActiveCfg = Debug|Win32
		{EACC0870-5315-41F9-AE61-B93C77334EAE}.Debug|Win32.Build.0 = Debug|Win32
		{EACC0870-5315-41F9-AE61-B93C77334EAE}.Release|Win32.ActiveCfg = Release|Win32
		{EACC0870-5315-41F9-AE61-B93C77334EAE}.Release|Win32.Build.0 = Release|Win32
		{1917D9E5-248C-4FA6-A280-E245C1F14EEE}.Debug|Win32.ActiveCfg = Debug|Win32
		{1917D9E5-248C-4FA6-A280-E245C1F14EEE}.Debug|Win32.Build.0 = Debug|Win32
		{1917D9E5-248C-4FA6-A280-E245C1F14EEE}.Release|Win32.ActiveCfg = Release|Win32
		{1917D9E5-248C-4FA6-A280-E245C1F14EEE}.Release|Win32.Build.0 = Release|Win32
		{0C4288E1-99D2-4134-A416-98B9E6869478}.Debug|Win32.ActiveCfg = Debug|Win32
		{0C4288E1-99D2-4134-A416-98B9E6869478}.Debug|Win32.Build.0 = Debug|Win32
		{0C4288E1-99D2-4134-A416-98B9E6869478}.Release|Win32.ActiveCfg = Release|Win32
		{0C4288E1-99D2-4134-A416-98B9E6869478}.Release|Win32.Build.0 = Release|Win32
		{87C850AD-E339-4687-83DA-2F76AA0CD5DB}.Debug|Win32.ActiveCfg = Debug|Win32
		{87C850AD-E339-4687-83DA-2F76AA0CD5DB}.Debug|Win32.Build.0 = Debug|Win32
		{87C850AD-E339-4687-83DA-2F76AA0CD5DB}.Release|Win32.ActiveCfg = Release|Win32
		{87C850AD-E339-4687-83DA-2F76AA0CD5DB}.Release|Win32.Build.0 = Release|Win32
		{ACB16B61-2F7D-4E87-AD15-C95F16431137}.Debug|Win32.ActiveCfg = Debug|Win32
		{ACB16B61-2F7D-4E87-AD15-C95F16431137}.Debug|Win32.Build.0 = Debug|Win32
		{ACB16B61-2F7D-4E87-AD15-C95F16431137}.Release|Win32.ActiveCfg = Release|Win32
		{ACB16B61-2F7D-4E87-AD15-C95F16431137}.Release|Win32.Build.0 = Release|Win32
		{D6A072EA-352A-4B30-8394-7D34BA1A4F81}.Debug|Win32.ActiveCfg = Debug|Win32
		{D6A072EA-352A-4B30-8394-7D34BA1A4F81}.Debug|Win32.Build.0 = Debug|Win32
		{D6A072EA-352A-4B30-8394-7D34BA1A4F81}.Release|Win32.ActiveCfg = Release|Win32
		{D6A072EA-352A-4B30-8394-7D34BA1A4F81}.Release|Win32.Build.0 = Release|Win32
		{C8FBAED7-9766-4A8C-8CD6-5F3E33548AA2}.Debug|Win32.ActiveCfg = Debug|Win32
		{C8FBAED7-9766-4A8C-8CD6-5F3E33548AA2}.Debug|Win32.Build.0 = Debug|Win32
		{C8FBAED7-9766-4A8C-8CD6-5F3E33548AA2}.Release|Win32.ActiveCfg = Release|Win32
		{C8FBAED7-9766-4A8C-8CD6-5F3E33548AA2}.Release|Win32.Build.0 = Release|Win32
		{1C6A1700-1242-4B39-92C2-B6F352D5A760}.Debug|Win32.ActiveCfg = Debug|Win32
		{1C6A1700-1242-4B39-92C2-B6F352D5A760}.Debug|Win32.Build.0 = Debug|Win32
		{1C6A1700-1242-4B39-92C2-B6F352D5A760}.Release|Win32.ActiveCfg = Release|Win32
		{1C6A1700-1242-4B39-92C2-B6F352D5A760}.Release|Win32.Build.0 = Release|Win32
		{BEF1B5F5-7B90-40F6-A96C-34D1E0C0A79D}.Debug|Win32.ActiveCfg = Debug|Win32
		{BEF1B5F5-7B90-40F6-A96C-34D1E0C0A79D}.Debug|Win32.Build.0 = Debug|Win32
		{BEF1B5F5-7B90-40F6-A96C-34D1E0C0A79D}.Release|Win32.ActiveCfg = Release|Win32
		{BEF1B5F5-7B90-40F6-A96C-34D1E0C0A79D}.Release|Win32.Build.0 = Release|Win32
		{31CA578B-13CA-4640-8D1A-95ED57C026A2}.Debug|Win32.ActiveCfg = Debug|Win32
		{31CA578B-13CA-4640-8D1A-95ED57C026A2}.Debug|Win32.Build.0 = Debug|Win32
		{31CA578B-13CA-4640-8D1A-95ED57C026A2}.Release|Win32.ActiveCfg = Release|Win32
		{31CA578B-13CA-4640-8D1A-95ED57C026A2}.Release|Win32.Build.0 = Release|Win32
	EndGlobalSection
	GlobalSection(SolutionProperties) = preSolution
		HideSolutionNode = FALSE
	EndGlobalSection
EndGlobal
